
Microsoft Visual Studio Solution File, Format Version 12.00
# Visual Studio Version 17
VisualStudioVersion = 17.4.33122.133
MinimumVisualStudioVersion = 10.0.40219.1
Project("{FAE04EC0-301F-11D3-BF4B-00C04F79EFBC}") = "2.1.2023", "2.1.2023.csproj", "{46767DC7-FA71-41B1-A969-653ECD2F746F}"
EndProject
Global
	GlobalSection(SolutionConfigurationPlatforms) = preSolution
		Debug|Any CPU = Debug|Any CPU
		Release|Any CPU = Release|Any CPU
	EndGlobalSection
	GlobalSection(ProjectConfigurationPlatforms) = postSolution
		{46767DC7-FA71-41B1-A969-653ECD2F746F}.Debug|Any CPU.ActiveCfg = Debug|Any CPU
		{46767DC7-FA71-41B1-A969-653ECD2F746F}.Debug|Any CPU.Build.0 = Debug|Any CPU
		{46767DC7-FA71-41B1-A969-653ECD2F746F}.Release|Any CPU.ActiveCfg = Release|Any CPU
		{46767DC7-FA71-41B1-A969-653ECD2F746F}.Release|Any CPU.Build.0 = Release|Any CPU
	EndGlobalSection
	GlobalSection(SolutionProperties) = preSolution
		HideSolutionNode = FALSE
	EndGlobalSection
	GlobalSection(ExtensibilityGlobals) = postSolution
		SolutionGuid = {7DFCD9B7-ECE5-45DE-93DF-58B98A2ADDB5}
	EndGlobalSection
EndGlobal
